
Microsoft Visual Studio Solution File, Format Version 12.00
# Visual Studio Version 16
VisualStudioVersion = 16.0.30717.126
MinimumVisualStudioVersion = 10.0.40219.1
Project("{9A19103F-16F7-4668-BE54-9A1E7A4F7556}") = "Kcp", "KCP\Kcp.csproj", "{31DC268D-D2E0-4293-86A9-248B18D25C0A}"
EndProject
Project("{9A19103F-16F7-4668-BE54-9A1E7A4F7556}") = "UnitTestProject1", "UnitTestProject1\UnitTestProject1.csproj", "{84949D82-108D-4BC1-8C7F-77CE4458F6F4}"
EndProject
Project("{9A19103F-16F7-4668-BE54-9A1E7A4F7556}") = "KcpDemo", "KcpDemo\KcpDemo.csproj", "{5234BC62-1AEC-4C95-891A-39E6BEF9A3BB}"
EndProject
Project("{FAE04EC0-301F-11D3-BF4B-00C04F79EFBC}") = "TestServer", "TestServer\TestServer.csproj", "{E2D64D45-FAC3-414D-8695-C69B02ABD3BA}"
EndProject
Project("{FAE04EC0-301F-11D3-BF4B-00C04F79EFBC}") = "TestClient", "TestClient\TestClient.csproj", "{33EDDE6D-CF5A-45A0-AF4C-E5D084DDE7E2}"
EndProject
Global
	GlobalSection(SolutionConfigurationPlatforms) = preSolution
		Debug|Any CPU = Debug|Any CPU
		Release|Any CPU = Release|Any CPU
	EndGlobalSection
	GlobalSection(ProjectConfigurationPlatforms) = postSolution
		{31DC268D-D2E0-4293-86A9-248B18D25C0A}.Debug|Any CPU.ActiveCfg = Debug|Any CPU
		{31DC268D-D2E0-4293-86A9-248B18D25C0A}.Debug|Any CPU.Build.0 = Debug|Any CPU
		{31DC268D-D2E0-4293-86A9-248B18D25C0A}.Release|Any CPU.ActiveCfg = Release|Any CPU
		{31DC268D-D2E0-4293-86A9-248B18D25C0A}.Release|Any CPU.Build.0 = Release|Any CPU
		{84949D82-108D-4BC1-8C7F-77CE4458F6F4}.Debug|Any CPU.ActiveCfg = Debug|Any CPU
		{84949D82-108D-4BC1-8C7F-77CE4458F6F4}.Debug|Any CPU.Build.0 = Debug|Any CPU
		{84949D82-108D-4BC1-8C7F-77CE4458F6F4}.Release|Any CPU.ActiveCfg = Release|Any CPU
		{84949D82-108D-4BC1-8C7F-77CE4458F6F4}.Release|Any CPU.Build.0 = Release|Any CPU
		{5234BC62-1AEC-4C95-891A-39E6BEF9A3BB}.Debug|Any CPU.ActiveCfg = Debug|Any CPU
		{5234BC62-1AEC-4C95-891A-39E6BEF9A3BB}.Debug|Any CPU.Build.0 = Debug|Any CPU
		{5234BC62-1AEC-4C95-891A-39E6BEF9A3BB}.Release|Any CPU.ActiveCfg = Release|Any CPU
		{5234BC62-1AEC-4C95-891A-39E6BEF9A3BB}.Release|Any CPU.Build.0 = Release|Any CPU
		{E2D64D45-FAC3-414D-8695-C69B02ABD3BA}.Debug|Any CPU.ActiveCfg = Debug|Any CPU
		{E2D64D45-FAC3-414D-8695-C69B02ABD3BA}.Debug|Any CPU.Build.0 = Debug|Any CPU
		{E2D64D45-FAC3-414D-8695-C69B02ABD3BA}.Release|Any CPU.ActiveCfg = Release|Any CPU
		{E2D64D45-FAC3-414D-8695-C69B02ABD3BA}.Release|Any CPU.Build.0 = Release|Any CPU
		{33EDDE6D-CF5A-45A0-AF4C-E5D084DDE7E2}.Debug|Any CPU.ActiveCfg = Debug|Any CPU
		{33EDDE6D-CF5A-45A0-AF4C-E5D084DDE7E2}.Debug|Any CPU.Build.0 = Debug|Any CPU
		{33EDDE6D-CF5A-45A0-AF4C-E5D084DDE7E2}.Release|Any CPU.ActiveCfg = Release|Any CPU
		{33EDDE6D-CF5A-45A0-AF4C-E5D084DDE7E2}.Release|Any CPU.Build.0 = Release|Any CPU
	EndGlobalSection
	GlobalSection(SolutionProperties) = preSolution
		HideSolutionNode = FALSE
	EndGlobalSection
	GlobalSection(ExtensibilityGlobals) = postSolution
		SolutionGuid = {71EEDF95-B3B9-4C99-A2D7-B4E95D2C6635}
	EndGlobalSection
EndGlobal
