
Microsoft Visual Studio Solution File, Format Version 12.00
# Visual Studio 15
VisualStudioVersion = 15.0.28307.329
MinimumVisualStudioVersion = 10.0.40219.1
Project("{9A19103F-16F7-4668-BE54-9A1E7A4F7556}") = "KCP", "KCP\KCP.csproj", "{31DC268D-D2E0-4293-86A9-248B18D25C0A}"
EndProject
Project("{FAE04EC0-301F-11D3-BF4B-00C04F79EFBC}") = "NUnit.TestsKCP", "NUnit.TestsKCP\NUnit.TestsKCP.csproj", "{8EDF4429-251A-416D-BB68-93F227191BCF}"
EndProject
Project("{FAE04EC0-301F-11D3-BF4B-00C04F79EFBC}") = "TestKCP", "TestKCP\TestKCP.csproj", "{54162384-D5AB-42DD-945E-9C29447628E0}"
EndProject
Global
	GlobalSection(SolutionConfigurationPlatforms) = preSolution
		Debug|Any CPU = Debug|Any CPU
		Release|Any CPU = Release|Any CPU
	EndGlobalSection
	GlobalSection(ProjectConfigurationPlatforms) = postSolution
		{31DC268D-D2E0-4293-86A9-248B18D25C0A}.Debug|Any CPU.ActiveCfg = Debug|Any CPU
		{31DC268D-D2E0-4293-86A9-248B18D25C0A}.Debug|Any CPU.Build.0 = Debug|Any CPU
		{31DC268D-D2E0-4293-86A9-248B18D25C0A}.Release|Any CPU.ActiveCfg = Release|Any CPU
		{31DC268D-D2E0-4293-86A9-248B18D25C0A}.Release|Any CPU.Build.0 = Release|Any CPU
		{8EDF4429-251A-416D-BB68-93F227191BCF}.Debug|Any CPU.ActiveCfg = Debug|Any CPU
		{8EDF4429-251A-416D-BB68-93F227191BCF}.Debug|Any CPU.Build.0 = Debug|Any CPU
		{8EDF4429-251A-416D-BB68-93F227191BCF}.Release|Any CPU.ActiveCfg = Release|Any CPU
		{8EDF4429-251A-416D-BB68-93F227191BCF}.Release|Any CPU.Build.0 = Release|Any CPU
		{54162384-D5AB-42DD-945E-9C29447628E0}.Debug|Any CPU.ActiveCfg = Debug|Any CPU
		{54162384-D5AB-42DD-945E-9C29447628E0}.Debug|Any CPU.Build.0 = Debug|Any CPU
		{54162384-D5AB-42DD-945E-9C29447628E0}.Release|Any CPU.ActiveCfg = Release|Any CPU
		{54162384-D5AB-42DD-945E-9C29447628E0}.Release|Any CPU.Build.0 = Release|Any CPU
	EndGlobalSection
	GlobalSection(SolutionProperties) = preSolution
		HideSolutionNode = FALSE
	EndGlobalSection
	GlobalSection(ExtensibilityGlobals) = postSolution
		SolutionGuid = {71EEDF95-B3B9-4C99-A2D7-B4E95D2C6635}
	EndGlobalSection
EndGlobal
